{
  "name": "numbers-logic",
  "version": "1.0.4",
  "lockfileVersion": 2,
  "requires": true,
  "packages": {
    "": {
      "name": "numbers-logic",
      "version": "1.0.4",
      "license": "custom",
      "dependencies": {
        "number-theory": "^1.1.0",
        "numbers": "^0.7.0"
      }
    },
    "node_modules/number-theory": {
      "version": "1.1.0",
      "license": "MIT",
      "dependencies": {
        "underscore": "*"
      }
    },
    "node_modules/number-theory/node_modules/underscore": {
      "version": "1.13.2",
      "license": "MIT"
    },
    "node_modules/numbers": {
      "version": "0.7.0",
      "engines": {
        "node": ">= v0.6.0"
      }
    }
  },
  "dependencies": {
    "number-theory": {
      "version": "1.1.0",
      "requires": {
        "underscore": "*"
      },
      "dependencies": {
        "underscore": {
          "version": "1.13.2"
        }
      }
    },
    "numbers": {
      "version": "0.7.0"
    }
  }
}
