{
  "name": "numbers-logic",
  "version": "1.2.4",
  "lockfileVersion": 2,
  "requires": true,
  "packages": {
    "": {
      "name": "numbers-logic",
      "version": "1.2.4",
      "license": "custom",
      "dependencies": {
        "number-theory": "^1.1.0",
        "numbers": "^0.7.0"
      },
      "devDependencies": {
        "advanced-testing-kit": "file:../atk22"
      }
    },
    "../atk22": {
      "name": "advanced-testing-kit",
      "version": "1.0.0",
      "dev": true,
      "license": "SEE LICENSE IN LICENSE.md\"",
      "dependencies": {
        "escodegen": "^2.0.0",
        "esprima": "^4.0.1",
        "espurify": "^2.1.1",
        "esvalid": "^1.1.0",
        "expect": "^27.5.1",
        "get-object": "^0.2.0",
        "numbers-logic": "^1.1.0",
        "set-value": "^4.1.0"
      },
      "devDependencies": {
        "@types/node": ">=17.0.15"
      }
    },
    "node_modules/advanced-testing-kit": {
      "resolved": "../atk22",
      "link": true
    },
    "node_modules/number-theory": {
      "version": "1.1.0",
      "resolved": "https://registry.npmjs.org/number-theory/-/number-theory-1.1.0.tgz",
      "integrity": "sha1-cyA6+uu8pe9LWHbhXr2HjnJSdXI=",
      "dependencies": {
        "underscore": "*"
      }
    },
    "node_modules/numbers": {
      "version": "0.7.0",
      "resolved": "https://registry.npmjs.org/numbers/-/numbers-0.7.0.tgz",
      "integrity": "sha512-bdHRauOohlyg20dLiOitEJrXVs4xtu4GeDeKyChkWSfMeDLM39lUDcaOShSdmxqt4Ihu9syh480Fx/EiDY5zYQ==",
      "engines": {
        "node": ">= v0.6.0"
      }
    },
    "node_modules/underscore": {
      "version": "1.13.2",
      "resolved": "https://registry.npmjs.org/underscore/-/underscore-1.13.2.tgz",
      "integrity": "sha512-ekY1NhRzq0B08g4bGuX4wd2jZx5GnKz6mKSqFL4nqBlfyMGiG10gDFhDTMEfYmDL6Jy0FUIZp7wiRB+0BP7J2g=="
    }
  },
  "dependencies": {
    "advanced-testing-kit": {
      "version": "file:../atk22",
      "requires": {
        "@types/node": ">=17.0.15",
        "escodegen": "^2.0.0",
        "esprima": "^4.0.1",
        "espurify": "^2.1.1",
        "esvalid": "^1.1.0",
        "expect": "^27.5.1",
        "get-object": "^0.2.0",
        "numbers-logic": "^1.1.0",
        "set-value": "^4.1.0"
      }
    },
    "number-theory": {
      "version": "1.1.0",
      "resolved": "https://registry.npmjs.org/number-theory/-/number-theory-1.1.0.tgz",
      "integrity": "sha1-cyA6+uu8pe9LWHbhXr2HjnJSdXI=",
      "requires": {
        "underscore": "*"
      }
    },
    "numbers": {
      "version": "0.7.0",
      "resolved": "https://registry.npmjs.org/numbers/-/numbers-0.7.0.tgz",
      "integrity": "sha512-bdHRauOohlyg20dLiOitEJrXVs4xtu4GeDeKyChkWSfMeDLM39lUDcaOShSdmxqt4Ihu9syh480Fx/EiDY5zYQ=="
    },
    "underscore": {
      "version": "1.13.2",
      "resolved": "https://registry.npmjs.org/underscore/-/underscore-1.13.2.tgz",
      "integrity": "sha512-ekY1NhRzq0B08g4bGuX4wd2jZx5GnKz6mKSqFL4nqBlfyMGiG10gDFhDTMEfYmDL6Jy0FUIZp7wiRB+0BP7J2g=="
    }
  }
}
